
Microsoft Visual Studio Solution File, Format Version 12.00
# Visual Studio Version 17
VisualStudioVersion = 17.3.32811.315
MinimumVisualStudioVersion = 10.0.40219.1
Project("{9A19103F-16F7-4668-BE54-9A1E7A4F7556}") = "IITS", "IITS\IITS.csproj", "{E8816151-9F19-4556-A8F7-9A1F5C85643D}"
EndProject
Project("{FAE04EC0-301F-11D3-BF4B-00C04F79EFBC}") = "IITS.Tests", "IITS.Tests\IITS.Tests.csproj", "{8CCB6F7A-C454-4F6A-9A73-08A235417AB4}"
EndProject
Global
	GlobalSection(SolutionConfigurationPlatforms) = preSolution
		Debug|Any CPU = Debug|Any CPU
		Debug|x64 = Debug|x64
		Debug|x86 = Debug|x86
		Release|Any CPU = Release|Any CPU
		Release|x64 = Release|x64
		Release|x86 = Release|x86
	EndGlobalSection
	GlobalSection(ProjectConfigurationPlatforms) = postSolution
		{E8816151-9F19-4556-A8F7-9A1F5C85643D}.Debug|Any CPU.ActiveCfg = Debug|Any CPU
		{E8816151-9F19-4556-A8F7-9A1F5C85643D}.Debug|Any CPU.Build.0 = Debug|Any CPU
		{E8816151-9F19-4556-A8F7-9A1F5C85643D}.Debug|x64.ActiveCfg = Debug|Any CPU
		{E8816151-9F19-4556-A8F7-9A1F5C85643D}.Debug|x64.Build.0 = Debug|Any CPU
		{E8816151-9F19-4556-A8F7-9A1F5C85643D}.Debug|x86.ActiveCfg = Debug|Any CPU
		{E8816151-9F19-4556-A8F7-9A1F5C85643D}.Debug|x86.Build.0 = Debug|Any CPU
		{E8816151-9F19-4556-A8F7-9A1F5C85643D}.Release|Any CPU.ActiveCfg = Release|Any CPU
		{E8816151-9F19-4556-A8F7-9A1F5C85643D}.Release|Any CPU.Build.0 = Release|Any CPU
		{E8816151-9F19-4556-A8F7-9A1F5C85643D}.Release|x64.ActiveCfg = Release|Any CPU
		{E8816151-9F19-4556-A8F7-9A1F5C85643D}.Release|x64.Build.0 = Release|Any CPU
		{E8816151-9F19-4556-A8F7-9A1F5C85643D}.Release|x86.ActiveCfg = Release|Any CPU
		{E8816151-9F19-4556-A8F7-9A1F5C85643D}.Release|x86.Build.0 = Release|Any CPU
		{8CCB6F7A-C454-4F6A-9A73-08A235417AB4}.Debug|Any CPU.ActiveCfg = Debug|Any CPU
		{8CCB6F7A-C454-4F6A-9A73-08A235417AB4}.Debug|Any CPU.Build.0 = Debug|Any CPU
		{8CCB6F7A-C454-4F6A-9A73-08A235417AB4}.Debug|x64.ActiveCfg = Debug|Any CPU
		{8CCB6F7A-C454-4F6A-9A73-08A235417AB4}.Debug|x64.Build.0 = Debug|Any CPU
		{8CCB6F7A-C454-4F6A-9A73-08A235417AB4}.Debug|x86.ActiveCfg = Debug|Any CPU
		{8CCB6F7A-C454-4F6A-9A73-08A235417AB4}.Debug|x86.Build.0 = Debug|Any CPU
		{8CCB6F7A-C454-4F6A-9A73-08A235417AB4}.Release|Any CPU.ActiveCfg = Release|Any CPU
		{8CCB6F7A-C454-4F6A-9A73-08A235417AB4}.Release|Any CPU.Build.0 = Release|Any CPU
		{8CCB6F7A-C454-4F6A-9A73-08A235417AB4}.Release|x64.ActiveCfg = Release|Any CPU
		{8CCB6F7A-C454-4F6A-9A73-08A235417AB4}.Release|x64.Build.0 = Release|Any CPU
		{8CCB6F7A-C454-4F6A-9A73-08A235417AB4}.Release|x86.ActiveCfg = Release|Any CPU
		{8CCB6F7A-C454-4F6A-9A73-08A235417AB4}.Release|x86.Build.0 = Release|Any CPU
	EndGlobalSection
	GlobalSection(SolutionProperties) = preSolution
		HideSolutionNode = FALSE
	EndGlobalSection
	GlobalSection(ExtensibilityGlobals) = postSolution
		SolutionGuid = {B3ABF493-D1D2-4CEA-9B38-BF2AA04BA7B1}
	EndGlobalSection
	GlobalSection(TeamFoundationVersionControl) = preSolution
		SccNumberOfProjects = 2
		SccEnterpriseProvider = {4CA58AB2-18FA-4F8D-95D4-32DDF27D184C}
		SccTeamFoundationServer = https://devops.ve.kworld.kpmg.com/its
		SccLocalPath0 = .
		SccProjectUniqueName1 = IITS\\IITS.csproj
		SccProjectName1 = IITS
		SccLocalPath1 = IITS
	EndGlobalSection
EndGlobal
